%{
  "decorator": {:hex, :decorator, "1.4.0", "a57ac32c823ea7e4e67f5af56412d12b33274661bb7640ec7fc882f8d23ac419", [:mix], [], "hexpm", "0a07cedd9083da875c7418dea95b78361197cf2bf3211d743f6f7ce39656597f"},
  "ecto_struct_cachex": {:hex, :ecto_struct_cachex, "0.2.3", "80fc7839edf5bce18bce918229b833f2eace3065c55c09fa88d30bf7b5b1b1d5", [:mix], [{:decorator, "~> 1.4.0", [hex: :decorator, repo: "hexpm", optional: false]}], "hexpm", "9d9d898284ade85ab107eae0a1960ffc8b9a1a880befa6f30bf5cd1330dad7f8"},
}
